// !$*UTF8*$!
{
	archiveVersion = 1;
	classes = {
	};
	objectVersion = 46;
	objects = {

/* Begin PBXBuildFile section */
		80E9F8881DE59BC000760A5A /* AppDelegate.swift in Sources */ = {isa = PBXBuildFile; fileRef = 80E9F8871DE59BC000760A5A /* AppDelegate.swift */; };
		80E9F88A1DE59BC000760A5A /* ViewController.swift in Sources */ = {isa = PBXBuildFile; fileRef = 80E9F8891DE59BC000760A5A /* ViewController.swift */; };
		80E9F88D1DE59BC000760A5A /* Main.storyboard in Resources */ = {isa = PBXBuildFile; fileRef = 80E9F88B1DE59BC000760A5A /* Main.storyboard */; };
		80E9F88F1DE59BC000760A5A /* Assets.xcassets in Resources */ = {isa = PBXBuildFile; fileRef = 80E9F88E1DE59BC000760A5A /* Assets.xcassets */; };
		80E9F8921DE59BC000760A5A /* LaunchScreen.storyboard in Resources */ = {isa = PBXBuildFile; fileRef = 80E9F8901DE59BC000760A5A /* LaunchScreen.storyboard */; };
		80E9F89A1DE5D55E00760A5A /* AboutViewController.swift in Sources */ = {isa = PBXBuildFile; fileRef = 80E9F8991DE5D55E00760A5A /* AboutViewController.swift */; };
/* End PBXBuildFile section */

/* Begin PBXFileReference section */
		80E9F8841DE59BC000760A5A /* BullsEye.app */ = {isa = PBXFileReference; explicitFileType = wrapper.application; includeInIndex = 0; path = BullsEye.app; sourceTree = BUILT_PRODUCTS_DIR; };
		80E9F8871DE59BC000760A5A /* AppDelegate.swift */ = {isa = PBXFileReference; lastKnownFileType = sourcecode.swift; path = AppDelegate.swift; sourceTree = "<group>"; };
		80E9F8891DE59BC000760A5A /* ViewController.swift */ = {isa = PBXFileReference; lastKnownFileType = sourcecode.swift; path = ViewController.swift; sourceTree = "<group>"; };
		80E9F88C1DE59BC000760A5A /* Base */ = {isa = PBXFileReference; lastKnownFileType = file.storyboard; name = Base; path = Base.lproj/Main.storyboard; sourceTree = "<group>"; };
		80E9F88E1DE59BC000760A5A /* Assets.xcassets */ = {isa = PBXFileReference; lastKnownFileType = folder.assetcatalog; path = Assets.xcassets; sourceTree = "<group>"; };
		80E9F8911DE59BC000760A5A /* Base */ = {isa = PBXFileReference; lastKnownFileType = file.storyboard; name = Base; path = Base.lproj/LaunchScreen.storyboard; sourceTree = "<group>"; };
		80E9F8931DE59BC000760A5A /* Info.plist */ = {isa = PBXFileReference; lastKnownFileType = text.plist.xml; path = Info.plist; sourceTree = "<group>"; };
		80E9F8991DE5D55E00760A5A /* AboutViewController.swift */ = {isa = PBXFileReference; fileEncoding = 4; lastKnownFileType = sourcecode.swift; path = AboutViewController.swift; sourceTree = "<group>"; };
/* End PBXFileReference section */

/* Begin PBXFrameworksBuildPhase section */
		80E9F8811DE59BC000760A5A /* Frameworks */ = {
			isa = PBXFrameworksBuildPhase;
			buildActionMask = 2147483647;
			files = (
			);
			runOnlyForDeploymentPostprocessing = 0;
		};
/* End PBXFrameworksBuildPhase section */

/* Begin PBXGroup section */
		80E9F87B1DE59BBF00760A5A = {
			isa = PBXGroup;
			children = (
				80E9F8861DE59BC000760A5A /* BullsEye */,
				80E9F8851DE59BC000760A5A /* Products */,
			);
			sourceTree = "<group>";
		};
		80E9F8851DE59BC000760A5A /* Products */ = {
			isa = PBXGroup;
			children = (
				80E9F8841DE59BC000760A5A /* BullsEye.app */,
			);
			name = Products;
			sourceTree = "<group>";
		};
		80E9F8861DE59BC000760A5A /* BullsEye */ = {
			isa = PBXGroup;
			children = (
				80E9F8871DE59BC000760A5A /* AppDelegate.swift */,
				80E9F8891DE59BC000760A5A /* ViewController.swift */,
				80E9F8991DE5D55E00760A5A /* AboutViewController.swift */,
				80E9F88B1DE59BC000760A5A /* Main.storyboard */,
				80E9F88E1DE59BC000760A5A /* Assets.xcassets */,
				80E9F8901DE59BC000760A5A /* LaunchScreen.storyboard */,
				80E9F8931DE59BC000760A5A /* Info.plist */,
			);
			path = BullsEye;
			sourceTree = "<group>";
		};
/* End PBXGroup section */

/* Begin PBXNativeTarget section */
		80E9F8831DE59BC000760A5A /* BullsEye */ = {
			isa = PBXNativeTarget;
			buildConfigurationList = 80E9F8961DE59BC000760A5A /* Build configuration list for PBXNativeTarget "BullsEye" */;
			buildPhases = (
				80E9F8801DE59BC000760A5A /* Sources */,
				80E9F8811DE59BC000760A5A /* Frameworks */,
				80E9F8821DE59BC000760A5A /* Resources */,
			);
			buildRules = (
			);
			dependencies = (
			);
			name = BullsEye;
			productName = BullsEye;
			productReference = 80E9F8841DE59BC000760A5A /* BullsEye.app */;
			productType = "com.apple.product-type.application";
		};
/* End PBXNativeTarget section */

/* Begin PBXProject section */
		80E9F87C1DE59BBF00760A5A /* Project object */ = {
			isa = PBXProject;
			attributes = {
				LastSwiftUpdateCheck = 0810;
				LastUpgradeCheck = 0810;
				ORGANIZATIONNAME = "Lukas Petrik";
				TargetAttributes = {
					80E9F8831DE59BC000760A5A = {
						CreatedOnToolsVersion = 8.1;
						ProvisioningStyle = Automatic;
					};
				};
			};
			buildConfigurationList = 80E9F87F1DE59BBF00760A5A /* Build configuration list for PBXProject "BullsEye" */;
			compatibilityVersion = "Xcode 3.2";
			developmentRegion = English;
			hasScannedForEncodings = 0;
			knownRegions = (
				en,
				Base,
			);
			mainGroup = 80E9F87B1DE59BBF00760A5A;
			productRefGroup = 80E9F8851DE59BC000760A5A /* Products */;
			projectDirPath = "";
			projectRoot = "";
			targets = (
				80E9F8831DE59BC000760A5A /* BullsEye */,
			);
		};
/* End PBXProject section */

/* Begin PBXResourcesBuildPhase section */
		80E9F8821DE59BC000760A5A /* Resources */ = {
			isa = PBXResourcesBuildPhase;
			buildActionMask = 2147483647;
			files = (
				80E9F8921DE59BC000760A5A /* LaunchScreen.storyboard in Resources */,
				80E9F88F1DE59BC000760A5A /* Assets.xcassets in Resources */,
				80E9F88D1DE59BC000760A5A /* Main.storyboard in Resources */,
			);
			runOnlyForDeploymentPostprocessing = 0;
		};
/* End PBXResourcesBuildPhase section */

/* Begin PBXSourcesBuildPhase section */
		80E9F8801DE59BC000760A5A /* Sources */ = {
			isa = PBXSourcesBuildPhase;
			buildActionMask = 2147483647;
			files = (
				80E9F89A1DE5D55E00760A5A /* AboutViewController.swift in Sources */,
				80E9F88A1DE59BC000760A5A /* ViewController.swift in Sources */,
				80E9F8881DE59BC000760A5A /* AppDelegate.swift in Sources */,
			);
			runOnlyForDeploymentPostprocessing = 0;
		};
/* End PBXSourcesBuildPhase section */

/* Begin PBXVariantGroup section */
		80E9F88B1DE59BC000760A5A /* Main.storyboard */ = {
			isa = PBXVariantGroup;
			children = (
				80E9F88C1DE59BC000760A5A /* Base */,
			);
			name = Main.storyboard;
			sourceTree = "<group>";
		};
		80E9F8901DE59BC000760A5A /* LaunchScreen.storyboard */ = {
			isa = PBXVariantGroup;
			children = (
				80E9F8911DE59BC000760A5A /* Base */,
			);
			name = LaunchScreen.storyboard;
			sourceTree = "<group>";
		};
/* End PBXVariantGroup section */

/* Begin XCBuildConfiguration section */
		80E9F8941DE59BC000760A5A /* Debug */ = {
			isa = XCBuildConfiguration;
			buildSettings = {
				ALWAYS_SEARCH_USER_PATHS = NO;
				CLANG_ANALYZER_NONNULL = YES;
				CLANG_CXX_LANGUAGE_STANDARD = "gnu++0x";
				CLANG_CXX_LIBRARY = "libc++";
				CLANG_ENABLE_MODULES = YES;
				CLANG_ENABLE_OBJC_ARC = YES;
				CLANG_WARN_BOOL_CONVERSION = YES;
				CLANG_WARN_CONSTANT_CONVERSION = YES;
				CLANG_WARN_DIRECT_OBJC_ISA_USAGE = YES_ERROR;
				CLANG_WARN_DOCUMENTATION_COMMENTS = YES;
				CLANG_WARN_EMPTY_BODY = YES;
				CLANG_WARN_ENUM_CONVERSION = YES;
				CLANG_WARN_INFINITE_RECURSION = YES;
				CLANG_WARN_INT_CONVERSION = YES;
				CLANG_WARN_OBJC_ROOT_CLASS = YES_ERROR;
				CLANG_WARN_SUSPICIOUS_MOVES = YES;
				CLANG_WARN_UNREACHABLE_CODE = YES;
				CLANG_WARN__DUPLICATE_METHOD_MATCH = YES;
				"CODE_SIGN_IDENTITY[sdk=iphoneos*]" = "iPhone Developer";
				COPY_PHASE_STRIP = NO;
				DEBUG_INFORMATION_FORMAT = dwarf;
				ENABLE_STRICT_OBJC_MSGSEND = YES;
				ENABLE_TESTABILITY = YES;
				GCC_C_LANGUAGE_STANDARD = gnu99;
				GCC_DYNAMIC_NO_PIC = NO;
				GCC_NO_COMMON_BLOCKS = YES;
				GCC_OPTIMIZATION_LEVEL = 0;
				GCC_PREPROCESSOR_DEFINITIONS = (
					"DEBUG=1",
					"$(inherited)",
				);
				GCC_WARN_64_TO_32_BIT_CONVERSION = YES;
				GCC_WARN_ABOUT_RETURN_TYPE = YES_ERROR;
				GCC_WARN_UNDECLARED_SELECTOR = YES;
				GCC_WARN_UNINITIALIZED_AUTOS = YES_AGGRESSIVE;
				GCC_WARN_UNUSED_FUNCTION = YES;
				GCC_WARN_UNUSED_VARIABLE = YES;
				IPHONEOS_DEPLOYMENT_TARGET = 10.1;
				MTL_ENABLE_DEBUG_INFO = YES;
				ONLY_ACTIVE_ARCH = YES;
				SDKROOT = iphoneos;
				SWIFT_ACTIVE_COMPILATION_CONDITIONS = DEBUG;
				SWIFT_OPTIMIZATION_LEVEL = "-Onone";
			};
			name = Debug;
		};
		80E9F8951DE59BC000760A5A /* Release */ = {
			isa = XCBuildConfiguration;
			buildSettings = {
				ALWAYS_SEARCH_USER_PATHS = NO;
				CLANG_ANALYZER_NONNULL = YES;
				CLANG_CXX_LANGUAGE_STANDARD = "gnu++0x";
				CLANG_CXX_LIBRARY = "libc++";
				CLANG_ENABLE_MODULES = YES;
				CLANG_ENABLE_OBJC_ARC = YES;
				CLANG_WARN_BOOL_CONVERSION = YES;
				CLANG_WARN_CONSTANT_CONVERSION = YES;
				CLANG_WARN_DIRECT_OBJC_ISA_USAGE = YES_ERROR;
				CLANG_WARN_DOCUMENTATION_COMMENTS = YES;
				CLANG_WARN_EMPTY_BODY = YES;
				CLANG_WARN_ENUM_CONVERSION = YES;
				CLANG_WARN_INFINITE_RECURSION = YES;
				CLANG_WARN_INT_CONVERSION = YES;
				CLANG_WARN_OBJC_ROOT_CLASS = YES_ERROR;
				CLANG_WARN_SUSPICIOUS_MOVES = YES;
				CLANG_WARN_UNREACHABLE_CODE = YES;
				CLANG_WARN__DUPLICATE_METHOD_MATCH = YES;
				"CODE_SIGN_IDENTITY[sdk=iphoneos*]" = "iPhone Developer";
				COPY_PHASE_STRIP = NO;
				DEBUG_INFORMATION_FORMAT = "dwarf-with-dsym";
				ENABLE_NS_ASSERTIONS = NO;
				ENABLE_STRICT_OBJC_MSGSEND = YES;
				GCC_C_LANGUAGE_STANDARD = gnu99;
				GCC_NO_COMMON_BLOCKS = YES;
				GCC_WARN_64_TO_32_BIT_CONVERSION = YES;
				GCC_WARN_ABOUT_RETURN_TYPE = YES_ERROR;
				GCC_WARN_UNDECLARED_SELECTOR = YES;
				GCC_WARN_UNINITIALIZED_AUTOS = YES_AGGRESSIVE;
				GCC_WARN_UNUSED_FUNCTION = YES;
				GCC_WARN_UNUSED_VARIABLE = YES;
				IPHONEOS_DEPLOYMENT_TARGET = 10.1;
				MTL_ENABLE_DEBUG_INFO = NO;
				SDKROOT = iphoneos;
				SWIFT_OPTIMIZATION_LEVEL = "-Owholemodule";
				VALIDATE_PRODUCT = YES;
			};
			name = Release;
		};
		80E9F8971DE59BC000760A5A /* Debug */ = {
			isa = XCBuildConfiguration;
			buildSettings = {
				ASSETCATALOG_COMPILER_APPICON_NAME = AppIcon;
				INFOPLIST_FILE = BullsEye/Info.plist;
				LD_RUNPATH_SEARCH_PATHS = "$(inherited) @executable_path/Frameworks";
				PRODUCT_BUNDLE_IDENTIFIER = cz.lukaspetrik.ios.BullsEye;
				PRODUCT_NAME = "$(TARGET_NAME)";
				SWIFT_VERSION = 3.0;
			};
			name = Debug;
		};
		80E9F8981DE59BC000760A5A /* Release */ = {
			isa = XCBuildConfiguration;
			buildSettings = {
				ASSETCATALOG_COMPILER_APPICON_NAME = AppIcon;
				INFOPLIST_FILE = BullsEye/Info.plist;
				LD_RUNPATH_SEARCH_PATHS = "$(inherited) @executable_path/Frameworks";
				PRODUCT_BUNDLE_IDENTIFIER = cz.lukaspetrik.ios.BullsEye;
				PRODUCT_NAME = "$(TARGET_NAME)";
				SWIFT_VERSION = 3.0;
			};
			name = Release;
		};
/* End XCBuildConfiguration section */

/* Begin XCConfigurationList section */
		80E9F87F1DE59BBF00760A5A /* Build configuration list for PBXProject "BullsEye" */ = {
			isa = XCConfigurationList;
			buildConfigurations = (
				80E9F8941DE59BC000760A5A /* Debug */,
				80E9F8951DE59BC000760A5A /* Release */,
			);
			defaultConfigurationIsVisible = 0;
			defaultConfigurationName = Release;
		};
		80E9F8961DE59BC000760A5A /* Build configuration list for PBXNativeTarget "BullsEye" */ = {
			isa = XCConfigurationList;
			buildConfigurations = (
				80E9F8971DE59BC000760A5A /* Debug */,
				80E9F8981DE59BC000760A5A /* Release */,
			);
			defaultConfigurationIsVisible = 0;
		};
/* End XCConfigurationList section */
	};
	rootObject = 80E9F87C1DE59BBF00760A5A /* Project object */;
}
